{
  "name": "telegram-bridge",
  "lockfileVersion": 2,
  "requires": true,
  "packages": {
    "": {
      "name": "telegram-bridge",
      "version": "1.0.0",
      "dependencies": {
        "node-fetch": "^2.6.7"
      }
    },
    "node_modules/node-fetch": {
      "version": "2.6.7",
      "resolved": "https://registry.npmjs.org/node-fetch/-/node-fetch-2.6.7.tgz",
      "integrity": "sha512-VAx4ZbKf66DCUnMoAOeq5SK3n7SftWELu7nkYztsOKC7eqIoGuTFsMNwRAvyqOQ45RGygEqY0qHznkIEvbYsRg=="
    }
  },
  "dependencies": {
    "node-fetch": {
      "version": "2.6.7",
      "resolved": "https://registry.npmjs.org/node-fetch/-/node-fetch-2.6.7.tgz",
      "integrity": "sha512-VAx4ZbKf66DCUnMoAOeq5SK3n7SftWELu7nkYztsOKC7eqIoGuTFsMNwRAvyqOQ45RGygEqY0qHznkIEvbYsRg=="
    }
  }
}
